
Microsoft Visual Studio Solution File, Format Version 12.00
# Visual Studio 15
VisualStudioVersion = 15.0.26730.12
MinimumVisualStudioVersion = 10.0.40219.1
Project("{FAE04EC0-301F-11D3-BF4B-00C04F79EFBC}") = "MultiplayerServerUnity", "MultiplayerServerUnity\MultiplayerServerUnity.csproj", "{32FEEDA0-4440-4FE2-9915-F042871D5DBD}"
EndProject
Global
	GlobalSection(SolutionConfigurationPlatforms) = preSolution
		Debug|Any CPU = Debug|Any CPU
		Release|Any CPU = Release|Any CPU
	EndGlobalSection
	GlobalSection(ProjectConfigurationPlatforms) = postSolution
		{32FEEDA0-4440-4FE2-9915-F042871D5DBD}.Debug|Any CPU.ActiveCfg = Debug|Any CPU
		{32FEEDA0-4440-4FE2-9915-F042871D5DBD}.Debug|Any CPU.Build.0 = Debug|Any CPU
		{32FEEDA0-4440-4FE2-9915-F042871D5DBD}.Release|Any CPU.ActiveCfg = Release|Any CPU
		{32FEEDA0-4440-4FE2-9915-F042871D5DBD}.Release|Any CPU.Build.0 = Release|Any CPU
	EndGlobalSection
	GlobalSection(SolutionProperties) = preSolution
		HideSolutionNode = FALSE
	EndGlobalSection
	GlobalSection(ExtensibilityGlobals) = postSolution
		SolutionGuid = {9C354CC7-7172-47D3-8821-2206CD874DB1}
	EndGlobalSection
EndGlobal
